
Microsoft Visual Studio Solution File, Format Version 12.00
# Visual Studio Version 17
VisualStudioVersion = 17.4.33213.308
MinimumVisualStudioVersion = 10.0.40219.1
Project("{9A19103F-16F7-4668-BE54-9A1E7A4F7556}") = "jobo_api", "jobo_api.csproj", "{F89127B9-2339-48C5-B38F-8EE02D59A267}"
EndProject
Project("{9A19103F-16F7-4668-BE54-9A1E7A4F7556}") = "Infrastructure", "..\Infrastructure\Infrastructure.csproj", "{B3548957-F45A-445E-B0C6-97581F2F3BB1}"
EndProject
Project("{FAE04EC0-301F-11D3-BF4B-00C04F79EFBC}") = "Core", "..\Core\Core.csproj", "{F9DB9FD8-C0DA-4A3B-86BD-D330C150CE22}"
EndProject
Global
	GlobalSection(SolutionConfigurationPlatforms) = preSolution
		Debug|Any CPU = Debug|Any CPU
		Release|Any CPU = Release|Any CPU
	EndGlobalSection
	GlobalSection(ProjectConfigurationPlatforms) = postSolution
		{F89127B9-2339-48C5-B38F-8EE02D59A267}.Debug|Any CPU.ActiveCfg = Debug|Any CPU
		{F89127B9-2339-48C5-B38F-8EE02D59A267}.Debug|Any CPU.Build.0 = Debug|Any CPU
		{F89127B9-2339-48C5-B38F-8EE02D59A267}.Release|Any CPU.ActiveCfg = Release|Any CPU
		{F89127B9-2339-48C5-B38F-8EE02D59A267}.Release|Any CPU.Build.0 = Release|Any CPU
		{B3548957-F45A-445E-B0C6-97581F2F3BB1}.Debug|Any CPU.ActiveCfg = Debug|Any CPU
		{B3548957-F45A-445E-B0C6-97581F2F3BB1}.Debug|Any CPU.Build.0 = Debug|Any CPU
		{B3548957-F45A-445E-B0C6-97581F2F3BB1}.Release|Any CPU.ActiveCfg = Release|Any CPU
		{B3548957-F45A-445E-B0C6-97581F2F3BB1}.Release|Any CPU.Build.0 = Release|Any CPU
		{F9DB9FD8-C0DA-4A3B-86BD-D330C150CE22}.Debug|Any CPU.ActiveCfg = Debug|Any CPU
		{F9DB9FD8-C0DA-4A3B-86BD-D330C150CE22}.Debug|Any CPU.Build.0 = Debug|Any CPU
		{F9DB9FD8-C0DA-4A3B-86BD-D330C150CE22}.Release|Any CPU.ActiveCfg = Release|Any CPU
		{F9DB9FD8-C0DA-4A3B-86BD-D330C150CE22}.Release|Any CPU.Build.0 = Release|Any CPU
	EndGlobalSection
	GlobalSection(SolutionProperties) = preSolution
		HideSolutionNode = FALSE
	EndGlobalSection
	GlobalSection(ExtensibilityGlobals) = postSolution
		SolutionGuid = {F4D83A66-A89E-4F30-AFA3-0448006D96CD}
	EndGlobalSection
EndGlobal
